
Microsoft Visual Studio Solution File, Format Version 12.00
# Visual Studio Version 17
VisualStudioVersion = 17.2.32526.322
MinimumVisualStudioVersion = 10.0.40219.1
Project("{9A19103F-16F7-4668-BE54-9A1E7A4F7556}") = "_1_Class", "_1_Class\_1_Class.csproj", "{85B80964-8952-44F0-92F1-DE02DF13FCF4}"
EndProject
Project("{9A19103F-16F7-4668-BE54-9A1E7A4F7556}") = "_1_Class_1", "_1_Class_1\_1_Class_1.csproj", "{479E0EE3-B3DE-487F-8880-21D5F11B292B}"
EndProject
Project("{9A19103F-16F7-4668-BE54-9A1E7A4F7556}") = "_1_Class_2", "_1_Class_2\_1_Class_2.csproj", "{15481E6C-22AE-49DD-8FE8-0BBC78562EDC}"
EndProject
Project("{9A19103F-16F7-4668-BE54-9A1E7A4F7556}") = "_1_Class_3", "_1_Class_3\_1_Class_3.csproj", "{49F1DD16-C824-451D-90BF-71CC1DF7611B}"
EndProject
Project("{9A19103F-16F7-4668-BE54-9A1E7A4F7556}") = "_2_Encapsulation_1", "2_Encapsulation_1\_2_Encapsulation_1.csproj", "{A57C61BF-BD7A-460D-BD1A-DE037A8C0D76}"
EndProject
Project("{9A19103F-16F7-4668-BE54-9A1E7A4F7556}") = "_2_Encapsulation_2", "_2_Encapsulation_2\_2_Encapsulation_2.csproj", "{F9933156-26FD-4FF3-A54F-E986F6AE137C}"
EndProject
Project("{9A19103F-16F7-4668-BE54-9A1E7A4F7556}") = "_2_Encapsulation_3", "_2_Encapsulation_3\_2_Encapsulation_3.csproj", "{6E5E94BB-14D0-48AF-B71B-3D5FEBE877BF}"
EndProject
Project("{9A19103F-16F7-4668-BE54-9A1E7A4F7556}") = "_3_Constructor", "_3_Constructor\_3_Constructor.csproj", "{F4872246-269B-4A9E-80D2-5A0AC91FD0B7}"
EndProject
Project("{9A19103F-16F7-4668-BE54-9A1E7A4F7556}") = "_4_Inheritance", "_4_Inheritance\_4_Inheritance.csproj", "{BF44EF6B-F246-490B-9396-6750629FF1DE}"
EndProject
Project("{9A19103F-16F7-4668-BE54-9A1E7A4F7556}") = "_4_Inheritance2", "_4_Inheritance2\_4_Inheritance2.csproj", "{1EE144DD-2B67-4A73-BF0F-3CD3593FC20D}"
EndProject
Project("{9A19103F-16F7-4668-BE54-9A1E7A4F7556}") = "_4_Inheritance3", "_4_Inheritance3\_4_Inheritance3.csproj", "{65F5006B-6A05-4238-93AE-53BB3E1E0002}"
EndProject
Project("{9A19103F-16F7-4668-BE54-9A1E7A4F7556}") = "_5_Polimorphism", "5_Polimorphism\_5_Polimorphism.csproj", "{AC9ED62E-E7AD-4B23-8840-81631B07ABB8}"
EndProject
Project("{FAE04EC0-301F-11D3-BF4B-00C04F79EFBC}") = "_5_OopTekrar", "_5_OopTekrar\_5_OopTekrar.csproj", "{42B03962-2E3B-406C-9A4C-B0CB0BD7C30D}"
EndProject
Project("{FAE04EC0-301F-11D3-BF4B-00C04F79EFBC}") = "_6_AbstractClass", "_6_AbstractClass\_6_AbstractClass.csproj", "{8054EBD0-5169-42EB-AE19-87879740D8CE}"
EndProject
Project("{FAE04EC0-301F-11D3-BF4B-00C04F79EFBC}") = "_6_AbstractMember", "_6_AbstractMember\_6_AbstractMember.csproj", "{8918E1E2-A76A-42F2-A649-F76CA2B96632}"
EndProject
Global
	GlobalSection(SolutionConfigurationPlatforms) = preSolution
		Debug|Any CPU = Debug|Any CPU
		Release|Any CPU = Release|Any CPU
	EndGlobalSection
	GlobalSection(ProjectConfigurationPlatforms) = postSolution
		{85B80964-8952-44F0-92F1-DE02DF13FCF4}.Debug|Any CPU.ActiveCfg = Debug|Any CPU
		{85B80964-8952-44F0-92F1-DE02DF13FCF4}.Debug|Any CPU.Build.0 = Debug|Any CPU
		{85B80964-8952-44F0-92F1-DE02DF13FCF4}.Release|Any CPU.ActiveCfg = Release|Any CPU
		{85B80964-8952-44F0-92F1-DE02DF13FCF4}.Release|Any CPU.Build.0 = Release|Any CPU
		{479E0EE3-B3DE-487F-8880-21D5F11B292B}.Debug|Any CPU.ActiveCfg = Debug|Any CPU
		{479E0EE3-B3DE-487F-8880-21D5F11B292B}.Debug|Any CPU.Build.0 = Debug|Any CPU
		{479E0EE3-B3DE-487F-8880-21D5F11B292B}.Release|Any CPU.ActiveCfg = Release|Any CPU
		{479E0EE3-B3DE-487F-8880-21D5F11B292B}.Release|Any CPU.Build.0 = Release|Any CPU
		{15481E6C-22AE-49DD-8FE8-0BBC78562EDC}.Debug|Any CPU.ActiveCfg = Debug|Any CPU
		{15481E6C-22AE-49DD-8FE8-0BBC78562EDC}.Debug|Any CPU.Build.0 = Debug|Any CPU
		{15481E6C-22AE-49DD-8FE8-0BBC78562EDC}.Release|Any CPU.ActiveCfg = Release|Any CPU
		{15481E6C-22AE-49DD-8FE8-0BBC78562EDC}.Release|Any CPU.Build.0 = Release|Any CPU
		{49F1DD16-C824-451D-90BF-71CC1DF7611B}.Debug|Any CPU.ActiveCfg = Debug|Any CPU
		{49F1DD16-C824-451D-90BF-71CC1DF7611B}.Debug|Any CPU.Build.0 = Debug|Any CPU
		{49F1DD16-C824-451D-90BF-71CC1DF7611B}.Release|Any CPU.ActiveCfg = Release|Any CPU
		{49F1DD16-C824-451D-90BF-71CC1DF7611B}.Release|Any CPU.Build.0 = Release|Any CPU
		{A57C61BF-BD7A-460D-BD1A-DE037A8C0D76}.Debug|Any CPU.ActiveCfg = Debug|Any CPU
		{A57C61BF-BD7A-460D-BD1A-DE037A8C0D76}.Debug|Any CPU.Build.0 = Debug|Any CPU
		{A57C61BF-BD7A-460D-BD1A-DE037A8C0D76}.Release|Any CPU.ActiveCfg = Release|Any CPU
		{A57C61BF-BD7A-460D-BD1A-DE037A8C0D76}.Release|Any CPU.Build.0 = Release|Any CPU
		{F9933156-26FD-4FF3-A54F-E986F6AE137C}.Debug|Any CPU.ActiveCfg = Debug|Any CPU
		{F9933156-26FD-4FF3-A54F-E986F6AE137C}.Debug|Any CPU.Build.0 = Debug|Any CPU
		{F9933156-26FD-4FF3-A54F-E986F6AE137C}.Release|Any CPU.ActiveCfg = Release|Any CPU
		{F9933156-26FD-4FF3-A54F-E986F6AE137C}.Release|Any CPU.Build.0 = Release|Any CPU
		{6E5E94BB-14D0-48AF-B71B-3D5FEBE877BF}.Debug|Any CPU.ActiveCfg = Debug|Any CPU
		{6E5E94BB-14D0-48AF-B71B-3D5FEBE877BF}.Debug|Any CPU.Build.0 = Debug|Any CPU
		{6E5E94BB-14D0-48AF-B71B-3D5FEBE877BF}.Release|Any CPU.ActiveCfg = Release|Any CPU
		{6E5E94BB-14D0-48AF-B71B-3D5FEBE877BF}.Release|Any CPU.Build.0 = Release|Any CPU
		{F4872246-269B-4A9E-80D2-5A0AC91FD0B7}.Debug|Any CPU.ActiveCfg = Debug|Any CPU
		{F4872246-269B-4A9E-80D2-5A0AC91FD0B7}.Debug|Any CPU.Build.0 = Debug|Any CPU
		{F4872246-269B-4A9E-80D2-5A0AC91FD0B7}.Release|Any CPU.ActiveCfg = Release|Any CPU
		{F4872246-269B-4A9E-80D2-5A0AC91FD0B7}.Release|Any CPU.Build.0 = Release|Any CPU
		{BF44EF6B-F246-490B-9396-6750629FF1DE}.Debug|Any CPU.ActiveCfg = Debug|Any CPU
		{BF44EF6B-F246-490B-9396-6750629FF1DE}.Debug|Any CPU.Build.0 = Debug|Any CPU
		{BF44EF6B-F246-490B-9396-6750629FF1DE}.Release|Any CPU.ActiveCfg = Release|Any CPU
		{BF44EF6B-F246-490B-9396-6750629FF1DE}.Release|Any CPU.Build.0 = Release|Any CPU
		{1EE144DD-2B67-4A73-BF0F-3CD3593FC20D}.Debug|Any CPU.ActiveCfg = Debug|Any CPU
		{1EE144DD-2B67-4A73-BF0F-3CD3593FC20D}.Debug|Any CPU.Build.0 = Debug|Any CPU
		{1EE144DD-2B67-4A73-BF0F-3CD3593FC20D}.Release|Any CPU.ActiveCfg = Release|Any CPU
		{1EE144DD-2B67-4A73-BF0F-3CD3593FC20D}.Release|Any CPU.Build.0 = Release|Any CPU
		{65F5006B-6A05-4238-93AE-53BB3E1E0002}.Debug|Any CPU.ActiveCfg = Debug|Any CPU
		{65F5006B-6A05-4238-93AE-53BB3E1E0002}.Debug|Any CPU.Build.0 = Debug|Any CPU
		{65F5006B-6A05-4238-93AE-53BB3E1E0002}.Release|Any CPU.ActiveCfg = Release|Any CPU
		{65F5006B-6A05-4238-93AE-53BB3E1E0002}.Release|Any CPU.Build.0 = Release|Any CPU
		{AC9ED62E-E7AD-4B23-8840-81631B07ABB8}.Debug|Any CPU.ActiveCfg = Debug|Any CPU
		{AC9ED62E-E7AD-4B23-8840-81631B07ABB8}.Debug|Any CPU.Build.0 = Debug|Any CPU
		{AC9ED62E-E7AD-4B23-8840-81631B07ABB8}.Release|Any CPU.ActiveCfg = Release|Any CPU
		{AC9ED62E-E7AD-4B23-8840-81631B07ABB8}.Release|Any CPU.Build.0 = Release|Any CPU
		{42B03962-2E3B-406C-9A4C-B0CB0BD7C30D}.Debug|Any CPU.ActiveCfg = Debug|Any CPU
		{42B03962-2E3B-406C-9A4C-B0CB0BD7C30D}.Debug|Any CPU.Build.0 = Debug|Any CPU
		{42B03962-2E3B-406C-9A4C-B0CB0BD7C30D}.Release|Any CPU.ActiveCfg = Release|Any CPU
		{42B03962-2E3B-406C-9A4C-B0CB0BD7C30D}.Release|Any CPU.Build.0 = Release|Any CPU
		{8054EBD0-5169-42EB-AE19-87879740D8CE}.Debug|Any CPU.ActiveCfg = Debug|Any CPU
		{8054EBD0-5169-42EB-AE19-87879740D8CE}.Debug|Any CPU.Build.0 = Debug|Any CPU
		{8054EBD0-5169-42EB-AE19-87879740D8CE}.Release|Any CPU.ActiveCfg = Release|Any CPU
		{8054EBD0-5169-42EB-AE19-87879740D8CE}.Release|Any CPU.Build.0 = Release|Any CPU
		{8918E1E2-A76A-42F2-A649-F76CA2B96632}.Debug|Any CPU.ActiveCfg = Debug|Any CPU
		{8918E1E2-A76A-42F2-A649-F76CA2B96632}.Debug|Any CPU.Build.0 = Debug|Any CPU
		{8918E1E2-A76A-42F2-A649-F76CA2B96632}.Release|Any CPU.ActiveCfg = Release|Any CPU
		{8918E1E2-A76A-42F2-A649-F76CA2B96632}.Release|Any CPU.Build.0 = Release|Any CPU
	EndGlobalSection
	GlobalSection(SolutionProperties) = preSolution
		HideSolutionNode = FALSE
	EndGlobalSection
	GlobalSection(ExtensibilityGlobals) = postSolution
		SolutionGuid = {A981D104-6B9A-4D91-A76B-C235319944CA}
	EndGlobalSection
EndGlobal
